
Microsoft Visual Studio Solution File, Format Version 12.00
# Visual Studio Version 17
VisualStudioVersion = 17.1.32228.430
MinimumVisualStudioVersion = 10.0.40219.1
Project("{FAE04EC0-301F-11D3-BF4B-00C04F79EFBC}") = "100DoorsKata", "100DoorsKata.csproj", "{BC2E7567-3DBF-4D49-A025-6B9462713A7A}"
EndProject
Project("{FAE04EC0-301F-11D3-BF4B-00C04F79EFBC}") = "100DoorsKataTests", "..\100DoorsKataTests\100DoorsKataTests.csproj", "{30EFA1F2-147A-4FF7-A28F-59820DE63A91}"
EndProject
Global
	GlobalSection(SolutionConfigurationPlatforms) = preSolution
		Debug|Any CPU = Debug|Any CPU
		Release|Any CPU = Release|Any CPU
	EndGlobalSection
	GlobalSection(ProjectConfigurationPlatforms) = postSolution
		{BC2E7567-3DBF-4D49-A025-6B9462713A7A}.Debug|Any CPU.ActiveCfg = Debug|Any CPU
		{BC2E7567-3DBF-4D49-A025-6B9462713A7A}.Debug|Any CPU.Build.0 = Debug|Any CPU
		{BC2E7567-3DBF-4D49-A025-6B9462713A7A}.Release|Any CPU.ActiveCfg = Release|Any CPU
		{BC2E7567-3DBF-4D49-A025-6B9462713A7A}.Release|Any CPU.Build.0 = Release|Any CPU
		{30EFA1F2-147A-4FF7-A28F-59820DE63A91}.Debug|Any CPU.ActiveCfg = Debug|Any CPU
		{30EFA1F2-147A-4FF7-A28F-59820DE63A91}.Debug|Any CPU.Build.0 = Debug|Any CPU
		{30EFA1F2-147A-4FF7-A28F-59820DE63A91}.Release|Any CPU.ActiveCfg = Release|Any CPU
		{30EFA1F2-147A-4FF7-A28F-59820DE63A91}.Release|Any CPU.Build.0 = Release|Any CPU
	EndGlobalSection
	GlobalSection(SolutionProperties) = preSolution
		HideSolutionNode = FALSE
	EndGlobalSection
	GlobalSection(ExtensibilityGlobals) = postSolution
		SolutionGuid = {B3EE9AE3-AD6B-4043-AF84-7610A085A159}
	EndGlobalSection
EndGlobal
